{
  "name": "go_now_host_vehicle",
  "version": "1.0.0",
  "lockfileVersion": 1,
  "requires": true,
  "dependencies": {
    "@types/decimal.js": {
      "version": "0.0.30",
      "resolved": "https://registry.npmjs.org/@types/decimal.js/-/decimal.js-0.0.30.tgz",
      "integrity": "sha1-B3mNkFldvzk28Q8kDvOMW5KO1fw="
    },
    "@types/long": {
      "version": "4.0.1",
      "resolved": "https://registry.npmjs.org/@types/long/-/long-4.0.1.tgz",
      "integrity": "sha512-5tXH6Bx/kNGd3MgffdmP4dy2Z+G4eaXw0SE81Tq3BNadtnMR5/ySMzX4SLEzHJzSmPNn4HIdpQsBvXMUykr58w=="
    },
    "decimal.js": {
      "version": "6.0.0",
      "resolved": "https://registry.npmjs.org/decimal.js/-/decimal.js-6.0.0.tgz",
      "integrity": "sha1-T9WNBjfzb9vBq6EyC8Pyzug8oPI="
    },
    "dynamodb-geo": {
      "version": "0.4.0",
      "resolved": "https://registry.npmjs.org/dynamodb-geo/-/dynamodb-geo-0.4.0.tgz",
      "integrity": "sha512-0o/ZMzdIZlt5fVGazucWQJ06HgzqLiR5hb8N2IX+sKPmMI1NlWD7qO10sdy25NLB7wRESt5SPnL4HFimS4gGUg==",
      "requires": {
        "@types/decimal.js": "^0.0.30",
        "@types/long": ">=3",
        "nodes2ts": "^1.1.10"
      }
    },
    "long": {
      "version": "3.2.0",
      "resolved": "https://registry.npmjs.org/long/-/long-3.2.0.tgz",
      "integrity": "sha1-2CG3E4yhy1gcFymQ7xTbIAtcR0s="
    },
    "nodes2ts": {
      "version": "1.1.10",
      "resolved": "https://registry.npmjs.org/nodes2ts/-/nodes2ts-1.1.10.tgz",
      "integrity": "sha1-eCjhNDyn1B0WWNgzUkUnQKKcJ3M=",
      "requires": {
        "decimal.js": "^6.0.0",
        "long": "^3.2.0"
      }
    }
  }
}
